
Microsoft Visual Studio Solution File, Format Version 12.00
# Visual Studio 14
VisualStudioVersion = 14.0.25420.1
MinimumVisualStudioVersion = 10.0.40219.1
Project("{FAE04EC0-301F-11D3-BF4B-00C04F79EFBC}") = "Sistran.GestaoProduto", "src\Sistran.GestaoProduto\Sistran.GestaoProduto.csproj", "{97945136-69ED-4C2F-B5A0-BA612039CC66}"
	ProjectSection(ProjectDependencies) = postProject
		{0EE51219-211C-4D19-BD7E-A1939B8E25B7} = {0EE51219-211C-4D19-BD7E-A1939B8E25B7}
	EndProjectSection
EndProject
Project("{2150E333-8FDC-42A3-9474-1A3956D46DE8}") = "2 - GestaoProdutoContext", "2 - GestaoProdutoContext", "{CE3925C6-3297-4635-8E95-D19366F60FB9}"
EndProject
Project("{2150E333-8FDC-42A3-9474-1A3956D46DE8}") = "3 - ControleAcessoContext", "3 - ControleAcessoContext", "{B36AF86C-5198-42F7-B6FE-3375CADEF0D6}"
EndProject
Project("{2150E333-8FDC-42A3-9474-1A3956D46DE8}") = "1 - Presentations", "1 - Presentations", "{C9839EED-A051-448B-9411-9B85E5922FFE}"
EndProject
Project("{2150E333-8FDC-42A3-9474-1A3956D46DE8}") = "4 - SharedKernelContext", "4 - SharedKernelContext", "{C77CDD4F-88E1-479E-8A81-5ECCA5BEB7CE}"
EndProject
Project("{FAE04EC0-301F-11D3-BF4B-00C04F79EFBC}") = "Sistran.SharedKernel", "src\Sistran.SharedKernel\Sistran.SharedKernel.csproj", "{FF44FADF-FA8E-4EB3-A05E-439C5E6E1D95}"
EndProject
Project("{FAE04EC0-301F-11D3-BF4B-00C04F79EFBC}") = "Sistran.ControleAcessosService", "src\Sistran.Presentations\Sistran.ControleAcessosService\Sistran.ControleAcessosService.csproj", "{0EE51219-211C-4D19-BD7E-A1939B8E25B7}"
EndProject
Project("{FAE04EC0-301F-11D3-BF4B-00C04F79EFBC}") = "Sistran.ControleAcessos", "src\Sistran.ControleAcessos\Sistran.ControleAcessos.csproj", "{67E78B92-74B1-4923-B1C1-3A2A4CD6A91E}"
EndProject
Project("{FAE04EC0-301F-11D3-BF4B-00C04F79EFBC}") = "Sistran.SiteWeb", "src\Sistran.Presentations\Sistran.SiteWeb\Sistran.SiteWeb.csproj", "{65C2B2C9-AD7A-4864-8FF2-E119955A0224}"
EndProject
Project("{FAE04EC0-301F-11D3-BF4B-00C04F79EFBC}") = "Sistran.GestaoProdutoService", "src\Sistran.Presentations\Sistran.GestaoProdutoService\Sistran.GestaoProdutoService.csproj", "{B69F6D08-3265-468E-A816-CDCC526540B8}"
EndProject
Global
	GlobalSection(SolutionConfigurationPlatforms) = preSolution
		Debug|Any CPU = Debug|Any CPU
		Release|Any CPU = Release|Any CPU
	EndGlobalSection
	GlobalSection(ProjectConfigurationPlatforms) = postSolution
		{97945136-69ED-4C2F-B5A0-BA612039CC66}.Debug|Any CPU.ActiveCfg = Debug|Any CPU
		{97945136-69ED-4C2F-B5A0-BA612039CC66}.Debug|Any CPU.Build.0 = Debug|Any CPU
		{97945136-69ED-4C2F-B5A0-BA612039CC66}.Release|Any CPU.ActiveCfg = Release|Any CPU
		{97945136-69ED-4C2F-B5A0-BA612039CC66}.Release|Any CPU.Build.0 = Release|Any CPU
		{FF44FADF-FA8E-4EB3-A05E-439C5E6E1D95}.Debug|Any CPU.ActiveCfg = Debug|Any CPU
		{FF44FADF-FA8E-4EB3-A05E-439C5E6E1D95}.Debug|Any CPU.Build.0 = Debug|Any CPU
		{FF44FADF-FA8E-4EB3-A05E-439C5E6E1D95}.Release|Any CPU.ActiveCfg = Release|Any CPU
		{FF44FADF-FA8E-4EB3-A05E-439C5E6E1D95}.Release|Any CPU.Build.0 = Release|Any CPU
		{0EE51219-211C-4D19-BD7E-A1939B8E25B7}.Debug|Any CPU.ActiveCfg = Debug|Any CPU
		{0EE51219-211C-4D19-BD7E-A1939B8E25B7}.Debug|Any CPU.Build.0 = Debug|Any CPU
		{0EE51219-211C-4D19-BD7E-A1939B8E25B7}.Release|Any CPU.ActiveCfg = Release|Any CPU
		{0EE51219-211C-4D19-BD7E-A1939B8E25B7}.Release|Any CPU.Build.0 = Release|Any CPU
		{67E78B92-74B1-4923-B1C1-3A2A4CD6A91E}.Debug|Any CPU.ActiveCfg = Debug|Any CPU
		{67E78B92-74B1-4923-B1C1-3A2A4CD6A91E}.Debug|Any CPU.Build.0 = Debug|Any CPU
		{67E78B92-74B1-4923-B1C1-3A2A4CD6A91E}.Release|Any CPU.ActiveCfg = Release|Any CPU
		{67E78B92-74B1-4923-B1C1-3A2A4CD6A91E}.Release|Any CPU.Build.0 = Release|Any CPU
		{65C2B2C9-AD7A-4864-8FF2-E119955A0224}.Debug|Any CPU.ActiveCfg = Debug|Any CPU
		{65C2B2C9-AD7A-4864-8FF2-E119955A0224}.Debug|Any CPU.Build.0 = Debug|Any CPU
		{65C2B2C9-AD7A-4864-8FF2-E119955A0224}.Release|Any CPU.ActiveCfg = Release|Any CPU
		{65C2B2C9-AD7A-4864-8FF2-E119955A0224}.Release|Any CPU.Build.0 = Release|Any CPU
		{B69F6D08-3265-468E-A816-CDCC526540B8}.Debug|Any CPU.ActiveCfg = Debug|Any CPU
		{B69F6D08-3265-468E-A816-CDCC526540B8}.Debug|Any CPU.Build.0 = Debug|Any CPU
		{B69F6D08-3265-468E-A816-CDCC526540B8}.Release|Any CPU.ActiveCfg = Release|Any CPU
		{B69F6D08-3265-468E-A816-CDCC526540B8}.Release|Any CPU.Build.0 = Release|Any CPU
	EndGlobalSection
	GlobalSection(SolutionProperties) = preSolution
		HideSolutionNode = FALSE
	EndGlobalSection
	GlobalSection(NestedProjects) = preSolution
		{97945136-69ED-4C2F-B5A0-BA612039CC66} = {CE3925C6-3297-4635-8E95-D19366F60FB9}
		{FF44FADF-FA8E-4EB3-A05E-439C5E6E1D95} = {C77CDD4F-88E1-479E-8A81-5ECCA5BEB7CE}
		{0EE51219-211C-4D19-BD7E-A1939B8E25B7} = {C9839EED-A051-448B-9411-9B85E5922FFE}
		{67E78B92-74B1-4923-B1C1-3A2A4CD6A91E} = {B36AF86C-5198-42F7-B6FE-3375CADEF0D6}
		{65C2B2C9-AD7A-4864-8FF2-E119955A0224} = {C9839EED-A051-448B-9411-9B85E5922FFE}
		{B69F6D08-3265-468E-A816-CDCC526540B8} = {C9839EED-A051-448B-9411-9B85E5922FFE}
	EndGlobalSection
EndGlobal
